// !$*UTF8*$!
{
	archiveVersion = 1;
	classes = {
	};
	objectVersion = 51;
	objects = {

/* Begin PBXBuildFile section */
		3B3689CC23A2099C0011D621 /* AppDelegate.swift in Sources */ = {isa = PBXBuildFile; fileRef = 3B3689CB23A2099C0011D621 /* AppDelegate.swift */; };
		3B3689CE23A2099C0011D621 /* ViewController.swift in Sources */ = {isa = PBXBuildFile; fileRef = 3B3689CD23A2099C0011D621 /* ViewController.swift */; };
		3B3689D123A2099C0011D621 /* Main.storyboard in Resources */ = {isa = PBXBuildFile; fileRef = 3B3689CF23A2099C0011D621 /* Main.storyboard */; };
		3B3689D323A209C10011D621 /* Assets.xcassets in Resources */ = {isa = PBXBuildFile; fileRef = 3B3689D223A209C10011D621 /* Assets.xcassets */; };
		3B3689D623A209C10011D621 /* LaunchScreen.storyboard in Resources */ = {isa = PBXBuildFile; fileRef = 3B3689D423A209C10011D621 /* LaunchScreen.storyboard */; };
		3B3689DF23A20A9E0011D621 /* APIManager.swift in Sources */ = {isa = PBXBuildFile; fileRef = 3B3689DE23A20A9E0011D621 /* APIManager.swift */; };
		3BE523B423A275F000706258 /* ResturantDataModel.swift in Sources */ = {isa = PBXBuildFile; fileRef = 3BE523B323A275F000706258 /* ResturantDataModel.swift */; };
		3BE523B723A36D1700706258 /* CellForTableView.swift in Sources */ = {isa = PBXBuildFile; fileRef = 3BE523B523A36D1700706258 /* CellForTableView.swift */; };
		3BE523B823A36D1700706258 /* CellForTableView.xib in Resources */ = {isa = PBXBuildFile; fileRef = 3BE523B623A36D1700706258 /* CellForTableView.xib */; };
		558F45EEE40F8492429C874C /* Pods_MyGlamm.framework in Frameworks */ = {isa = PBXBuildFile; fileRef = 648547BEB7273559F7D74F76 /* Pods_MyGlamm.framework */; };
		A90576BF23A4E9B700D18BC7 /* paddingUIlabel.swift in Sources */ = {isa = PBXBuildFile; fileRef = A90576BE23A4E9B700D18BC7 /* paddingUIlabel.swift */; };
/* End PBXBuildFile section */

/* Begin PBXFileReference section */
		3B3689C823A2099C0011D621 /* MyGlamm.app */ = {isa = PBXFileReference; explicitFileType = wrapper.application; includeInIndex = 0; path = MyGlamm.app; sourceTree = BUILT_PRODUCTS_DIR; };
		3B3689CB23A2099C0011D621 /* AppDelegate.swift */ = {isa = PBXFileReference; lastKnownFileType = sourcecode.swift; path = AppDelegate.swift; sourceTree = "<group>"; };
		3B3689CD23A2099C0011D621 /* ViewController.swift */ = {isa = PBXFileReference; lastKnownFileType = sourcecode.swift; path = ViewController.swift; sourceTree = "<group>"; };
		3B3689D023A2099C0011D621 /* Base */ = {isa = PBXFileReference; lastKnownFileType = file.storyboard; name = Base; path = Base.lproj/Main.storyboard; sourceTree = "<group>"; };
		3B3689D223A209C10011D621 /* Assets.xcassets */ = {isa = PBXFileReference; lastKnownFileType = folder.assetcatalog; path = Assets.xcassets; sourceTree = "<group>"; };
		3B3689D523A209C10011D621 /* Base */ = {isa = PBXFileReference; lastKnownFileType = file.storyboard; name = Base; path = Base.lproj/LaunchScreen.storyboard; sourceTree = "<group>"; };
		3B3689D723A209C10011D621 /* Info.plist */ = {isa = PBXFileReference; lastKnownFileType = text.plist.xml; path = Info.plist; sourceTree = "<group>"; };
		3B3689DE23A20A9E0011D621 /* APIManager.swift */ = {isa = PBXFileReference; lastKnownFileType = sourcecode.swift; path = APIManager.swift; sourceTree = "<group>"; };
		3BE523B323A275F000706258 /* ResturantDataModel.swift */ = {isa = PBXFileReference; lastKnownFileType = sourcecode.swift; path = ResturantDataModel.swift; sourceTree = "<group>"; };
		3BE523B523A36D1700706258 /* CellForTableView.swift */ = {isa = PBXFileReference; lastKnownFileType = sourcecode.swift; path = CellForTableView.swift; sourceTree = "<group>"; };
		3BE523B623A36D1700706258 /* CellForTableView.xib */ = {isa = PBXFileReference; lastKnownFileType = file.xib; path = CellForTableView.xib; sourceTree = "<group>"; };
		648547BEB7273559F7D74F76 /* Pods_MyGlamm.framework */ = {isa = PBXFileReference; explicitFileType = wrapper.framework; includeInIndex = 0; path = Pods_MyGlamm.framework; sourceTree = BUILT_PRODUCTS_DIR; };
		A0583F1BE5D6D0C1365D536A /* Pods-MyGlamm.debug.xcconfig */ = {isa = PBXFileReference; includeInIndex = 1; lastKnownFileType = text.xcconfig; name = "Pods-MyGlamm.debug.xcconfig"; path = "Target Support Files/Pods-MyGlamm/Pods-MyGlamm.debug.xcconfig"; sourceTree = "<group>"; };
		A90576BE23A4E9B700D18BC7 /* paddingUIlabel.swift */ = {isa = PBXFileReference; lastKnownFileType = sourcecode.swift; path = paddingUIlabel.swift; sourceTree = "<group>"; };
		D2C6647C2041FBFAF26D4A77 /* Pods-MyGlamm.release.xcconfig */ = {isa = PBXFileReference; includeInIndex = 1; lastKnownFileType = text.xcconfig; name = "Pods-MyGlamm.release.xcconfig"; path = "Target Support Files/Pods-MyGlamm/Pods-MyGlamm.release.xcconfig"; sourceTree = "<group>"; };
/* End PBXFileReference section */

/* Begin PBXFrameworksBuildPhase section */
		3B3689C523A2099C0011D621 /* Frameworks */ = {
			isa = PBXFrameworksBuildPhase;
			buildActionMask = 2147483647;
			files = (
				558F45EEE40F8492429C874C /* Pods_MyGlamm.framework in Frameworks */,
			);
			runOnlyForDeploymentPostprocessing = 0;
		};
/* End PBXFrameworksBuildPhase section */

/* Begin PBXGroup section */
		3B3689BF23A2099B0011D621 = {
			isa = PBXGroup;
			children = (
				3B3689CA23A2099C0011D621 /* MyGlamm */,
				3B3689C923A2099C0011D621 /* Products */,
				FEB788A57F8B37E87DCE7BE7 /* Pods */,
				AEFC129C6CC70510DA541732 /* Frameworks */,
			);
			sourceTree = "<group>";
		};
		3B3689C923A2099C0011D621 /* Products */ = {
			isa = PBXGroup;
			children = (
				3B3689C823A2099C0011D621 /* MyGlamm.app */,
			);
			name = Products;
			sourceTree = "<group>";
		};
		3B3689CA23A2099C0011D621 /* MyGlamm */ = {
			isa = PBXGroup;
			children = (
				3B3689DD23A20A2F0011D621 /* APICalling */,
				3B3689CB23A2099C0011D621 /* AppDelegate.swift */,
				3B3689CD23A2099C0011D621 /* ViewController.swift */,
				3B3689CF23A2099C0011D621 /* Main.storyboard */,
				3B3689D223A209C10011D621 /* Assets.xcassets */,
				3B3689D423A209C10011D621 /* LaunchScreen.storyboard */,
				3B3689D723A209C10011D621 /* Info.plist */,
				3BE523B323A275F000706258 /* ResturantDataModel.swift */,
				3BE523B523A36D1700706258 /* CellForTableView.swift */,
				3BE523B623A36D1700706258 /* CellForTableView.xib */,
				A90576BE23A4E9B700D18BC7 /* paddingUIlabel.swift */,
			);
			path = MyGlamm;
			sourceTree = "<group>";
		};
		3B3689DD23A20A2F0011D621 /* APICalling */ = {
			isa = PBXGroup;
			children = (
				3B3689DE23A20A9E0011D621 /* APIManager.swift */,
			);
			path = APICalling;
			sourceTree = "<group>";
		};
		AEFC129C6CC70510DA541732 /* Frameworks */ = {
			isa = PBXGroup;
			children = (
				648547BEB7273559F7D74F76 /* Pods_MyGlamm.framework */,
			);
			name = Frameworks;
			sourceTree = "<group>";
		};
		FEB788A57F8B37E87DCE7BE7 /* Pods */ = {
			isa = PBXGroup;
			children = (
				A0583F1BE5D6D0C1365D536A /* Pods-MyGlamm.debug.xcconfig */,
				D2C6647C2041FBFAF26D4A77 /* Pods-MyGlamm.release.xcconfig */,
			);
			path = Pods;
			sourceTree = "<group>";
		};
/* End PBXGroup section */

/* Begin PBXNativeTarget section */
		3B3689C723A2099C0011D621 /* MyGlamm */ = {
			isa = PBXNativeTarget;
			buildConfigurationList = 3B3689DA23A209C10011D621 /* Build configuration list for PBXNativeTarget "MyGlamm" */;
			buildPhases = (
				9D1A73A991BE43AF3E9D6385 /* [CP] Check Pods Manifest.lock */,
				3B3689C423A2099C0011D621 /* Sources */,
				3B3689C523A2099C0011D621 /* Frameworks */,
				3B3689C623A2099C0011D621 /* Resources */,
				CAD9B13C2EEE57D078C809D5 /* [CP] Embed Pods Frameworks */,
			);
			buildRules = (
			);
			dependencies = (
			);
			name = MyGlamm;
			productName = MyGlamm;
			productReference = 3B3689C823A2099C0011D621 /* MyGlamm.app */;
			productType = "com.apple.product-type.application";
		};
/* End PBXNativeTarget section */

/* Begin PBXProject section */
		3B3689C023A2099B0011D621 /* Project object */ = {
			isa = PBXProject;
			attributes = {
				LastSwiftUpdateCheck = 1030;
				LastUpgradeCheck = 1030;
				ORGANIZATIONNAME = icici;
				TargetAttributes = {
					3B3689C723A2099C0011D621 = {
						CreatedOnToolsVersion = 10.3;
					};
				};
			};
			buildConfigurationList = 3B3689C323A2099B0011D621 /* Build configuration list for PBXProject "MyGlamm" */;
			compatibilityVersion = "Xcode 9.3";
			developmentRegion = en;
			hasScannedForEncodings = 0;
			knownRegions = (
				en,
				Base,
			);
			mainGroup = 3B3689BF23A2099B0011D621;
			productRefGroup = 3B3689C923A2099C0011D621 /* Products */;
			projectDirPath = "";
			projectRoot = "";
			targets = (
				3B3689C723A2099C0011D621 /* MyGlamm */,
			);
		};
/* End PBXProject section */

/* Begin PBXResourcesBuildPhase section */
		3B3689C623A2099C0011D621 /* Resources */ = {
			isa = PBXResourcesBuildPhase;
			buildActionMask = 2147483647;
			files = (
				3B3689D623A209C10011D621 /* LaunchScreen.storyboard in Resources */,
				3B3689D323A209C10011D621 /* Assets.xcassets in Resources */,
				3B3689D123A2099C0011D621 /* Main.storyboard in Resources */,
				3BE523B823A36D1700706258 /* CellForTableView.xib in Resources */,
			);
			runOnlyForDeploymentPostprocessing = 0;
		};
/* End PBXResourcesBuildPhase section */

/* Begin PBXShellScriptBuildPhase section */
		9D1A73A991BE43AF3E9D6385 /* [CP] Check Pods Manifest.lock */ = {
			isa = PBXShellScriptBuildPhase;
			buildActionMask = 2147483647;
			files = (
			);
			inputFileListPaths = (
			);
			inputPaths = (
				"${PODS_PODFILE_DIR_PATH}/Podfile.lock",
				"${PODS_ROOT}/Manifest.lock",
			);
			name = "[CP] Check Pods Manifest.lock";
			outputFileListPaths = (
			);
			outputPaths = (
				"$(DERIVED_FILE_DIR)/Pods-MyGlamm-checkManifestLockResult.txt",
			);
			runOnlyForDeploymentPostprocessing = 0;
			shellPath = /bin/sh;
			shellScript = "diff \"${PODS_PODFILE_DIR_PATH}/Podfile.lock\" \"${PODS_ROOT}/Manifest.lock\" > /dev/null\nif [ $? != 0 ] ; then\n    # print error to STDERR\n    echo \"error: The sandbox is not in sync with the Podfile.lock. Run 'pod install' or update your CocoaPods installation.\" >&2\n    exit 1\nfi\n# This output is used by Xcode 'outputs' to avoid re-running this script phase.\necho \"SUCCESS\" > \"${SCRIPT_OUTPUT_FILE_0}\"\n";
			showEnvVarsInLog = 0;
		};
		CAD9B13C2EEE57D078C809D5 /* [CP] Embed Pods Frameworks */ = {
			isa = PBXShellScriptBuildPhase;
			buildActionMask = 2147483647;
			files = (
			);
			inputFileListPaths = (
				"${PODS_ROOT}/Target Support Files/Pods-MyGlamm/Pods-MyGlamm-frameworks-${CONFIGURATION}-input-files.xcfilelist",
			);
			name = "[CP] Embed Pods Frameworks";
			outputFileListPaths = (
				"${PODS_ROOT}/Target Support Files/Pods-MyGlamm/Pods-MyGlamm-frameworks-${CONFIGURATION}-output-files.xcfilelist",
			);
			runOnlyForDeploymentPostprocessing = 0;
			shellPath = /bin/sh;
			shellScript = "\"${PODS_ROOT}/Target Support Files/Pods-MyGlamm/Pods-MyGlamm-frameworks.sh\"\n";
			showEnvVarsInLog = 0;
		};
/* End PBXShellScriptBuildPhase section */

/* Begin PBXSourcesBuildPhase section */
		3B3689C423A2099C0011D621 /* Sources */ = {
			isa = PBXSourcesBuildPhase;
			buildActionMask = 2147483647;
			files = (
				A90576BF23A4E9B700D18BC7 /* paddingUIlabel.swift in Sources */,
				3B3689DF23A20A9E0011D621 /* APIManager.swift in Sources */,
				3B3689CE23A2099C0011D621 /* ViewController.swift in Sources */,
				3BE523B423A275F000706258 /* ResturantDataModel.swift in Sources */,
				3B3689CC23A2099C0011D621 /* AppDelegate.swift in Sources */,
				3BE523B723A36D1700706258 /* CellForTableView.swift in Sources */,
			);
			runOnlyForDeploymentPostprocessing = 0;
		};
/* End PBXSourcesBuildPhase section */

/* Begin PBXVariantGroup section */
		3B3689CF23A2099C0011D621 /* Main.storyboard */ = {
			isa = PBXVariantGroup;
			children = (
				3B3689D023A2099C0011D621 /* Base */,
			);
			name = Main.storyboard;
			sourceTree = "<group>";
		};
		3B3689D423A209C10011D621 /* LaunchScreen.storyboard */ = {
			isa = PBXVariantGroup;
			children = (
				3B3689D523A209C10011D621 /* Base */,
			);
			name = LaunchScreen.storyboard;
			sourceTree = "<group>";
		};
/* End PBXVariantGroup section */

/* Begin XCBuildConfiguration section */
		3B3689D823A209C10011D621 /* Debug */ = {
			isa = XCBuildConfiguration;
			buildSettings = {
				ALWAYS_SEARCH_USER_PATHS = NO;
				CLANG_ANALYZER_NONNULL = YES;
				CLANG_ANALYZER_NUMBER_OBJECT_CONVERSION = YES_AGGRESSIVE;
				CLANG_CXX_LANGUAGE_STANDARD = "gnu++14";
				CLANG_CXX_LIBRARY = "libc++";
				CLANG_ENABLE_MODULES = YES;
				CLANG_ENABLE_OBJC_ARC = YES;
				CLANG_ENABLE_OBJC_WEAK = YES;
				CLANG_WARN_BLOCK_CAPTURE_AUTORELEASING = YES;
				CLANG_WARN_BOOL_CONVERSION = YES;
				CLANG_WARN_COMMA = YES;
				CLANG_WARN_CONSTANT_CONVERSION = YES;
				CLANG_WARN_DEPRECATED_OBJC_IMPLEMENTATIONS = YES;
				CLANG_WARN_DIRECT_OBJC_ISA_USAGE = YES_ERROR;
				CLANG_WARN_DOCUMENTATION_COMMENTS = YES;
				CLANG_WARN_EMPTY_BODY = YES;
				CLANG_WARN_ENUM_CONVERSION = YES;
				CLANG_WARN_INFINITE_RECURSION = YES;
				CLANG_WARN_INT_CONVERSION = YES;
				CLANG_WARN_NON_LITERAL_NULL_CONVERSION = YES;
				CLANG_WARN_OBJC_IMPLICIT_RETAIN_SELF = YES;
				CLANG_WARN_OBJC_LITERAL_CONVERSION = YES;
				CLANG_WARN_OBJC_ROOT_CLASS = YES_ERROR;
				CLANG_WARN_RANGE_LOOP_ANALYSIS = YES;
				CLANG_WARN_STRICT_PROTOTYPES = YES;
				CLANG_WARN_SUSPICIOUS_MOVE = YES;
				CLANG_WARN_UNGUARDED_AVAILABILITY = YES_AGGRESSIVE;
				CLANG_WARN_UNREACHABLE_CODE = YES;
				CLANG_WARN__DUPLICATE_METHOD_MATCH = YES;
				CODE_SIGN_IDENTITY = "iPhone Developer";
				COPY_PHASE_STRIP = NO;
				DEBUG_INFORMATION_FORMAT = dwarf;
				ENABLE_STRICT_OBJC_MSGSEND = YES;
				ENABLE_TESTABILITY = YES;
				GCC_C_LANGUAGE_STANDARD = gnu11;
				GCC_DYNAMIC_NO_PIC = NO;
				GCC_NO_COMMON_BLOCKS = YES;
				GCC_OPTIMIZATION_LEVEL = 0;
				GCC_PREPROCESSOR_DEFINITIONS = (
					"DEBUG=1",
					"$(inherited)",
				);
				GCC_WARN_64_TO_32_BIT_CONVERSION = YES;
				GCC_WARN_ABOUT_RETURN_TYPE = YES_ERROR;
				GCC_WARN_UNDECLARED_SELECTOR = YES;
				GCC_WARN_UNINITIALIZED_AUTOS = YES_AGGRESSIVE;
				GCC_WARN_UNUSED_FUNCTION = YES;
				GCC_WARN_UNUSED_VARIABLE = YES;
				IPHONEOS_DEPLOYMENT_TARGET = 12.4;
				MTL_ENABLE_DEBUG_INFO = INCLUDE_SOURCE;
				MTL_FAST_MATH = YES;
				ONLY_ACTIVE_ARCH = YES;
				SDKROOT = iphoneos;
				SWIFT_ACTIVE_COMPILATION_CONDITIONS = DEBUG;
				SWIFT_OPTIMIZATION_LEVEL = "-Onone";
			};
			name = Debug;
		};
		3B3689D923A209C10011D621 /* Release */ = {
			isa = XCBuildConfiguration;
			buildSettings = {
				ALWAYS_SEARCH_USER_PATHS = NO;
				CLANG_ANALYZER_NONNULL = YES;
				CLANG_ANALYZER_NUMBER_OBJECT_CONVERSION = YES_AGGRESSIVE;
				CLANG_CXX_LANGUAGE_STANDARD = "gnu++14";
				CLANG_CXX_LIBRARY = "libc++";
				CLANG_ENABLE_MODULES = YES;
				CLANG_ENABLE_OBJC_ARC = YES;
				CLANG_ENABLE_OBJC_WEAK = YES;
				CLANG_WARN_BLOCK_CAPTURE_AUTORELEASING = YES;
				CLANG_WARN_BOOL_CONVERSION = YES;
				CLANG_WARN_COMMA = YES;
				CLANG_WARN_CONSTANT_CONVERSION = YES;
				CLANG_WARN_DEPRECATED_OBJC_IMPLEMENTATIONS = YES;
				CLANG_WARN_DIRECT_OBJC_ISA_USAGE = YES_ERROR;
				CLANG_WARN_DOCUMENTATION_COMMENTS = YES;
				CLANG_WARN_EMPTY_BODY = YES;
				CLANG_WARN_ENUM_CONVERSION = YES;
				CLANG_WARN_INFINITE_RECURSION = YES;
				CLANG_WARN_INT_CONVERSION = YES;
				CLANG_WARN_NON_LITERAL_NULL_CONVERSION = YES;
				CLANG_WARN_OBJC_IMPLICIT_RETAIN_SELF = YES;
				CLANG_WARN_OBJC_LITERAL_CONVERSION = YES;
				CLANG_WARN_OBJC_ROOT_CLASS = YES_ERROR;
				CLANG_WARN_RANGE_LOOP_ANALYSIS = YES;
				CLANG_WARN_STRICT_PROTOTYPES = YES;
				CLANG_WARN_SUSPICIOUS_MOVE = YES;
				CLANG_WARN_UNGUARDED_AVAILABILITY = YES_AGGRESSIVE;
				CLANG_WARN_UNREACHABLE_CODE = YES;
				CLANG_WARN__DUPLICATE_METHOD_MATCH = YES;
				CODE_SIGN_IDENTITY = "iPhone Developer";
				COPY_PHASE_STRIP = NO;
				DEBUG_INFORMATION_FORMAT = "dwarf-with-dsym";
				ENABLE_NS_ASSERTIONS = NO;
				ENABLE_STRICT_OBJC_MSGSEND = YES;
				GCC_C_LANGUAGE_STANDARD = gnu11;
				GCC_NO_COMMON_BLOCKS = YES;
				GCC_WARN_64_TO_32_BIT_CONVERSION = YES;
				GCC_WARN_ABOUT_RETURN_TYPE = YES_ERROR;
				GCC_WARN_UNDECLARED_SELECTOR = YES;
				GCC_WARN_UNINITIALIZED_AUTOS = YES_AGGRESSIVE;
				GCC_WARN_UNUSED_FUNCTION = YES;
				GCC_WARN_UNUSED_VARIABLE = YES;
				IPHONEOS_DEPLOYMENT_TARGET = 12.4;
				MTL_ENABLE_DEBUG_INFO = NO;
				MTL_FAST_MATH = YES;
				SDKROOT = iphoneos;
				SWIFT_COMPILATION_MODE = wholemodule;
				SWIFT_OPTIMIZATION_LEVEL = "-O";
				VALIDATE_PRODUCT = YES;
			};
			name = Release;
		};
		3B3689DB23A209C10011D621 /* Debug */ = {
			isa = XCBuildConfiguration;
			baseConfigurationReference = A0583F1BE5D6D0C1365D536A /* Pods-MyGlamm.debug.xcconfig */;
			buildSettings = {
				ASSETCATALOG_COMPILER_APPICON_NAME = AppIcon;
				CODE_SIGN_STYLE = Automatic;
				INFOPLIST_FILE = MyGlamm/Info.plist;
				LD_RUNPATH_SEARCH_PATHS = (
					"$(inherited)",
					"@executable_path/Frameworks",
				);
				PRODUCT_BUNDLE_IDENTIFIER = icici.MyGlamm;
				PRODUCT_NAME = "$(TARGET_NAME)";
				SWIFT_VERSION = 5.0;
				TARGETED_DEVICE_FAMILY = "1,2";
			};
			name = Debug;
		};
		3B3689DC23A209C10011D621 /* Release */ = {
			isa = XCBuildConfiguration;
			baseConfigurationReference = D2C6647C2041FBFAF26D4A77 /* Pods-MyGlamm.release.xcconfig */;
			buildSettings = {
				ASSETCATALOG_COMPILER_APPICON_NAME = AppIcon;
				CODE_SIGN_STYLE = Automatic;
				INFOPLIST_FILE = MyGlamm/Info.plist;
				LD_RUNPATH_SEARCH_PATHS = (
					"$(inherited)",
					"@executable_path/Frameworks",
				);
				PRODUCT_BUNDLE_IDENTIFIER = icici.MyGlamm;
				PRODUCT_NAME = "$(TARGET_NAME)";
				SWIFT_VERSION = 5.0;
				TARGETED_DEVICE_FAMILY = "1,2";
			};
			name = Release;
		};
/* End XCBuildConfiguration section */

/* Begin XCConfigurationList section */
		3B3689C323A2099B0011D621 /* Build configuration list for PBXProject "MyGlamm" */ = {
			isa = XCConfigurationList;
			buildConfigurations = (
				3B3689D823A209C10011D621 /* Debug */,
				3B3689D923A209C10011D621 /* Release */,
			);
			defaultConfigurationIsVisible = 0;
			defaultConfigurationName = Release;
		};
		3B3689DA23A209C10011D621 /* Build configuration list for PBXNativeTarget "MyGlamm" */ = {
			isa = XCConfigurationList;
			buildConfigurations = (
				3B3689DB23A209C10011D621 /* Debug */,
				3B3689DC23A209C10011D621 /* Release */,
			);
			defaultConfigurationIsVisible = 0;
			defaultConfigurationName = Release;
		};
/* End XCConfigurationList section */
	};
	rootObject = 3B3689C023A2099B0011D621 /* Project object */;
}
